{
  "name": "@holochain-open-dev/calendar-events",
  "version": "0.0.2",
  "lockfileVersion": 2,
  "requires": true,
  "packages": {
    "": {
      "name": "@holochain-open-dev/calendar-events",
      "version": "0.0.2",
      "license": "MIT",
      "dependencies": {
        "@adobe/lit-mobx": "^2.0.0-rc.4",
        "@fortawesome/fontawesome-free": "^5.15.3",
        "@fullcalendar/core": "^5.7.0",
        "@fullcalendar/daygrid": "^5.7.0",
        "@fullcalendar/interaction": "^5.7.0",
        "@fullcalendar/timegrid": "^5.7.0"
      },
      "devDependencies": {}
    },
    "node_modules/@adobe/lit-mobx": {
      "version": "2.0.0",
      "resolved": "https://registry.npmjs.org/@adobe/lit-mobx/-/lit-mobx-2.0.0.tgz",
      "integrity": "sha512-5uSN9vV8XrLAxLxlmZHb1z2eSD5aqxdrWu6GtidtOVyvDDEw6ry1FPXH9J3/N/bFA0Yo7ciXtu9WMYpWpQnYNg==",
      "peerDependencies": {
        "lit": "^2.0.0",
        "mobx": "^5.0.0 || ^6.0.0"
      }
    },
    "node_modules/@fortawesome/fontawesome-free": {
      "version": "5.15.4",
      "resolved": "https://registry.npmjs.org/@fortawesome/fontawesome-free/-/fontawesome-free-5.15.4.tgz",
      "integrity": "sha512-eYm8vijH/hpzr/6/1CJ/V/Eb1xQFW2nnUKArb3z+yUWv7HTwj6M7SP957oMjfZjAHU6qpoNc2wQvIxBLWYa/Jg==",
      "hasInstallScript": true,
      "engines": {
        "node": ">=6"
      }
    },
    "node_modules/@fullcalendar/common": {
      "version": "5.10.1",
      "resolved": "https://registry.npmjs.org/@fullcalendar/common/-/common-5.10.1.tgz",
      "integrity": "sha512-EumKIJcQTvQdTs75/9dmeREFgjcRVWzqHJS1Xvlz5mNsmB+w9EINCHETRjChtAQg1WD/lTQyVj4sHsKO7vCMSw==",
      "dependencies": {
        "tslib": "^2.1.0"
      }
    },
    "node_modules/@fullcalendar/core": {
      "version": "5.10.1",
      "resolved": "https://registry.npmjs.org/@fullcalendar/core/-/core-5.10.1.tgz",
      "integrity": "sha512-8sVuC6ywXV+cxqsqTZaR1hgUqeyjVed20NyZ7lGW9AY0kma1GIEwLgqPS5Q6uVhHyin68lmgecKfJCwhxENE8w==",
      "dependencies": {
        "@fullcalendar/common": "~5.10.1",
        "preact": "^10.0.5",
        "tslib": "^2.1.0"
      }
    },
    "node_modules/@fullcalendar/daygrid": {
      "version": "5.10.1",
      "resolved": "https://registry.npmjs.org/@fullcalendar/daygrid/-/daygrid-5.10.1.tgz",
      "integrity": "sha512-sfUMP+rew0krsBffgNcWWKhBCiyytGfRKZJoc64E8ohX7VWjPcPZuB1xgO5U4wPLmNkT0rZiHoGeQGTXw1+ZKg==",
      "dependencies": {
        "@fullcalendar/common": "~5.10.1",
        "tslib": "^2.1.0"
      }
    },
    "node_modules/@fullcalendar/interaction": {
      "version": "5.10.1",
      "resolved": "https://registry.npmjs.org/@fullcalendar/interaction/-/interaction-5.10.1.tgz",
      "integrity": "sha512-H1g1QeXg7yXtUcKmVtfg7uzm5R5ElFTvYniiXU+8kJda69IDg7Lee+Y7UDv5dvLb5/HxO86RhPVxRtcOQ8XdXw==",
      "dependencies": {
        "@fullcalendar/common": "~5.10.1",
        "tslib": "^2.1.0"
      }
    },
    "node_modules/@fullcalendar/timegrid": {
      "version": "5.10.1",
      "resolved": "https://registry.npmjs.org/@fullcalendar/timegrid/-/timegrid-5.10.1.tgz",
      "integrity": "sha512-0O0m+JzFBlg8gxYr/rIjZViRlbndCtjZlDjjIylQHFBeWC32e3cpHEavKGbTIBLN8SDilUYAJnE21abSqC2G/w==",
      "dependencies": {
        "@fullcalendar/common": "~5.10.1",
        "@fullcalendar/daygrid": "~5.10.1",
        "tslib": "^2.1.0"
      }
    },
    "node_modules/@lit/reactive-element": {
      "version": "1.2.3",
      "resolved": "https://registry.npmjs.org/@lit/reactive-element/-/reactive-element-1.2.3.tgz",
      "integrity": "sha512-fu0HW3VpeQdTx2BxjcMD0pEXB6M3xYi7Cgmqr7+jtyN7hNZJGFWqqQFfyJRwP8cBGQz3WW1txBiPPf9dK2xdUg==",
      "peer": true
    },
    "node_modules/@types/trusted-types": {
      "version": "2.0.2",
      "resolved": "https://registry.npmjs.org/@types/trusted-types/-/trusted-types-2.0.2.tgz",
      "integrity": "sha512-F5DIZ36YVLE+PN+Zwws4kJogq47hNgX3Nx6WyDJ3kcplxyke3XIzB8uK5n/Lpm1HBsbGzd6nmGehL8cPekP+Tg==",
      "peer": true
    },
    "node_modules/lit": {
      "version": "2.1.4",
      "resolved": "https://registry.npmjs.org/lit/-/lit-2.1.4.tgz",
      "integrity": "sha512-m1tHAZdXQhiBe0ReAjyVIUeKnHZpBfx+A5R5dkia8dtvIBwOR6KhD+RxaDnCwrEavRqkZAy5ntLv7chiOZCdNg==",
      "peer": true,
      "dependencies": {
        "@lit/reactive-element": "^1.1.0",
        "lit-element": "^3.1.0",
        "lit-html": "^2.1.0"
      }
    },
    "node_modules/lit-element": {
      "version": "3.1.2",
      "resolved": "https://registry.npmjs.org/lit-element/-/lit-element-3.1.2.tgz",
      "integrity": "sha512-5VLn5a7anAFH7oz6d7TRG3KiTZQ5GEFsAgOKB8Yc+HDyuDUGOT2cL1CYTz/U4b/xlJxO+euP14pyji+z3Z3kOg==",
      "peer": true,
      "dependencies": {
        "@lit/reactive-element": "^1.1.0",
        "lit-html": "^2.1.0"
      }
    },
    "node_modules/lit-html": {
      "version": "2.1.3",
      "resolved": "https://registry.npmjs.org/lit-html/-/lit-html-2.1.3.tgz",
      "integrity": "sha512-WgvdwiNeuoT0mYEEJI+AAV2DEtlqzVM4lyDSaeQSg5ZwhS/CkGJBO/4n66alApEuSS9WXw9+ADBp8SPvtDEKSg==",
      "peer": true,
      "dependencies": {
        "@types/trusted-types": "^2.0.2"
      }
    },
    "node_modules/mobx": {
      "version": "6.3.13",
      "resolved": "https://registry.npmjs.org/mobx/-/mobx-6.3.13.tgz",
      "integrity": "sha512-zDDKDhYUk9QCHQUdLG+wb4Jv/nXutSLt/P8kkwHyjdbrJO4OZS6QTEsrOnrKM39puqXSrJZHdB6+yRys2NBFFA==",
      "peer": true,
      "funding": {
        "type": "opencollective",
        "url": "https://opencollective.com/mobx"
      }
    },
    "node_modules/preact": {
      "version": "10.6.6",
      "resolved": "https://registry.npmjs.org/preact/-/preact-10.6.6.tgz",
      "integrity": "sha512-dgxpTFV2vs4vizwKohYKkk7g7rmp1wOOcfd4Tz3IB3Wi+ivZzsn/SpeKJhRENSE+n8sUfsAl4S3HiCVT923ABw==",
      "funding": {
        "type": "opencollective",
        "url": "https://opencollective.com/preact"
      }
    },
    "node_modules/tslib": {
      "version": "2.3.1",
      "resolved": "https://registry.npmjs.org/tslib/-/tslib-2.3.1.tgz",
      "integrity": "sha512-77EbyPPpMz+FRFRuAFlWMtmgUWGe9UOG2Z25NqCwiIjRhOf5iKGuzSe5P2w1laq+FkRy4p+PCuVkJSGkzTEKVw=="
    }
  },
  "dependencies": {
    "@adobe/lit-mobx": {
      "version": "2.0.0",
      "resolved": "https://registry.npmjs.org/@adobe/lit-mobx/-/lit-mobx-2.0.0.tgz",
      "integrity": "sha512-5uSN9vV8XrLAxLxlmZHb1z2eSD5aqxdrWu6GtidtOVyvDDEw6ry1FPXH9J3/N/bFA0Yo7ciXtu9WMYpWpQnYNg==",
      "requires": {}
    },
    "@fortawesome/fontawesome-free": {
      "version": "5.15.4",
      "resolved": "https://registry.npmjs.org/@fortawesome/fontawesome-free/-/fontawesome-free-5.15.4.tgz",
      "integrity": "sha512-eYm8vijH/hpzr/6/1CJ/V/Eb1xQFW2nnUKArb3z+yUWv7HTwj6M7SP957oMjfZjAHU6qpoNc2wQvIxBLWYa/Jg=="
    },
    "@fullcalendar/common": {
      "version": "5.10.1",
      "resolved": "https://registry.npmjs.org/@fullcalendar/common/-/common-5.10.1.tgz",
      "integrity": "sha512-EumKIJcQTvQdTs75/9dmeREFgjcRVWzqHJS1Xvlz5mNsmB+w9EINCHETRjChtAQg1WD/lTQyVj4sHsKO7vCMSw==",
      "requires": {
        "tslib": "^2.1.0"
      }
    },
    "@fullcalendar/core": {
      "version": "5.10.1",
      "resolved": "https://registry.npmjs.org/@fullcalendar/core/-/core-5.10.1.tgz",
      "integrity": "sha512-8sVuC6ywXV+cxqsqTZaR1hgUqeyjVed20NyZ7lGW9AY0kma1GIEwLgqPS5Q6uVhHyin68lmgecKfJCwhxENE8w==",
      "requires": {
        "@fullcalendar/common": "~5.10.1",
        "preact": "^10.0.5",
        "tslib": "^2.1.0"
      }
    },
    "@fullcalendar/daygrid": {
      "version": "5.10.1",
      "resolved": "https://registry.npmjs.org/@fullcalendar/daygrid/-/daygrid-5.10.1.tgz",
      "integrity": "sha512-sfUMP+rew0krsBffgNcWWKhBCiyytGfRKZJoc64E8ohX7VWjPcPZuB1xgO5U4wPLmNkT0rZiHoGeQGTXw1+ZKg==",
      "requires": {
        "@fullcalendar/common": "~5.10.1",
        "tslib": "^2.1.0"
      }
    },
    "@fullcalendar/interaction": {
      "version": "5.10.1",
      "resolved": "https://registry.npmjs.org/@fullcalendar/interaction/-/interaction-5.10.1.tgz",
      "integrity": "sha512-H1g1QeXg7yXtUcKmVtfg7uzm5R5ElFTvYniiXU+8kJda69IDg7Lee+Y7UDv5dvLb5/HxO86RhPVxRtcOQ8XdXw==",
      "requires": {
        "@fullcalendar/common": "~5.10.1",
        "tslib": "^2.1.0"
      }
    },
    "@fullcalendar/timegrid": {
      "version": "5.10.1",
      "resolved": "https://registry.npmjs.org/@fullcalendar/timegrid/-/timegrid-5.10.1.tgz",
      "integrity": "sha512-0O0m+JzFBlg8gxYr/rIjZViRlbndCtjZlDjjIylQHFBeWC32e3cpHEavKGbTIBLN8SDilUYAJnE21abSqC2G/w==",
      "requires": {
        "@fullcalendar/common": "~5.10.1",
        "@fullcalendar/daygrid": "~5.10.1",
        "tslib": "^2.1.0"
      }
    },
    "@lit/reactive-element": {
      "version": "1.2.3",
      "resolved": "https://registry.npmjs.org/@lit/reactive-element/-/reactive-element-1.2.3.tgz",
      "integrity": "sha512-fu0HW3VpeQdTx2BxjcMD0pEXB6M3xYi7Cgmqr7+jtyN7hNZJGFWqqQFfyJRwP8cBGQz3WW1txBiPPf9dK2xdUg==",
      "peer": true
    },
    "@types/trusted-types": {
      "version": "2.0.2",
      "resolved": "https://registry.npmjs.org/@types/trusted-types/-/trusted-types-2.0.2.tgz",
      "integrity": "sha512-F5DIZ36YVLE+PN+Zwws4kJogq47hNgX3Nx6WyDJ3kcplxyke3XIzB8uK5n/Lpm1HBsbGzd6nmGehL8cPekP+Tg==",
      "peer": true
    },
    "lit": {
      "version": "2.1.4",
      "resolved": "https://registry.npmjs.org/lit/-/lit-2.1.4.tgz",
      "integrity": "sha512-m1tHAZdXQhiBe0ReAjyVIUeKnHZpBfx+A5R5dkia8dtvIBwOR6KhD+RxaDnCwrEavRqkZAy5ntLv7chiOZCdNg==",
      "peer": true,
      "requires": {
        "@lit/reactive-element": "^1.1.0",
        "lit-element": "^3.1.0",
        "lit-html": "^2.1.0"
      }
    },
    "lit-element": {
      "version": "3.1.2",
      "resolved": "https://registry.npmjs.org/lit-element/-/lit-element-3.1.2.tgz",
      "integrity": "sha512-5VLn5a7anAFH7oz6d7TRG3KiTZQ5GEFsAgOKB8Yc+HDyuDUGOT2cL1CYTz/U4b/xlJxO+euP14pyji+z3Z3kOg==",
      "peer": true,
      "requires": {
        "@lit/reactive-element": "^1.1.0",
        "lit-html": "^2.1.0"
      }
    },
    "lit-html": {
      "version": "2.1.3",
      "resolved": "https://registry.npmjs.org/lit-html/-/lit-html-2.1.3.tgz",
      "integrity": "sha512-WgvdwiNeuoT0mYEEJI+AAV2DEtlqzVM4lyDSaeQSg5ZwhS/CkGJBO/4n66alApEuSS9WXw9+ADBp8SPvtDEKSg==",
      "peer": true,
      "requires": {
        "@types/trusted-types": "^2.0.2"
      }
    },
    "mobx": {
      "version": "6.3.13",
      "resolved": "https://registry.npmjs.org/mobx/-/mobx-6.3.13.tgz",
      "integrity": "sha512-zDDKDhYUk9QCHQUdLG+wb4Jv/nXutSLt/P8kkwHyjdbrJO4OZS6QTEsrOnrKM39puqXSrJZHdB6+yRys2NBFFA==",
      "peer": true
    },
    "preact": {
      "version": "10.6.6",
      "resolved": "https://registry.npmjs.org/preact/-/preact-10.6.6.tgz",
      "integrity": "sha512-dgxpTFV2vs4vizwKohYKkk7g7rmp1wOOcfd4Tz3IB3Wi+ivZzsn/SpeKJhRENSE+n8sUfsAl4S3HiCVT923ABw=="
    },
    "tslib": {
      "version": "2.3.1",
      "resolved": "https://registry.npmjs.org/tslib/-/tslib-2.3.1.tgz",
      "integrity": "sha512-77EbyPPpMz+FRFRuAFlWMtmgUWGe9UOG2Z25NqCwiIjRhOf5iKGuzSe5P2w1laq+FkRy4p+PCuVkJSGkzTEKVw=="
    }
  }
}
